
Microsoft Visual Studio Solution File, Format Version 12.00
# Visual Studio 15
VisualStudioVersion = 15.0.26430.6
MinimumVisualStudioVersion = 10.0.40219.1
Project("{FAE04EC0-301F-11D3-BF4B-00C04F79EFBC}") = "BlackPhoto.Android", "BlackPhoto\BlackPhoto.Android\BlackPhoto.Android.csproj", "{BB5154B2-CA1E-43B2-AE11-E3B742C3CBAF}"
EndProject
Project("{FAE04EC0-301F-11D3-BF4B-00C04F79EFBC}") = "BlackPhoto", "BlackPhoto\BlackPhoto\BlackPhoto.csproj", "{E052480B-3779-41AF-A9CD-B122F3CEE447}"
EndProject
Project("{FAE04EC0-301F-11D3-BF4B-00C04F79EFBC}") = "BlackPhoto.UWP", "BlackPhoto\BlackPhoto.UWP\BlackPhoto.UWP.csproj", "{33003E3F-074F-4CDF-88F3-F9B1D290542F}"
EndProject
Global
	GlobalSection(SolutionConfigurationPlatforms) = preSolution
		Ad-Hoc|Any CPU = Ad-Hoc|Any CPU
		Ad-Hoc|ARM = Ad-Hoc|ARM
		Ad-Hoc|iPhone = Ad-Hoc|iPhone
		Ad-Hoc|iPhoneSimulator = Ad-Hoc|iPhoneSimulator
		Ad-Hoc|x64 = Ad-Hoc|x64
		Ad-Hoc|x86 = Ad-Hoc|x86
		AppStore|Any CPU = AppStore|Any CPU
		AppStore|ARM = AppStore|ARM
		AppStore|iPhone = AppStore|iPhone
		AppStore|iPhoneSimulator = AppStore|iPhoneSimulator
		AppStore|x64 = AppStore|x64
		AppStore|x86 = AppStore|x86
		Debug|Any CPU = Debug|Any CPU
		Debug|ARM = Debug|ARM
		Debug|iPhone = Debug|iPhone
		Debug|iPhoneSimulator = Debug|iPhoneSimulator
		Debug|x64 = Debug|x64
		Debug|x86 = Debug|x86
		Release|Any CPU = Release|Any CPU
		Release|ARM = Release|ARM
		Release|iPhone = Release|iPhone
		Release|iPhoneSimulator = Release|iPhoneSimulator
		Release|x64 = Release|x64
		Release|x86 = Release|x86
	EndGlobalSection
	GlobalSection(ProjectConfigurationPlatforms) = postSolution
		{BB5154B2-CA1E-43B2-AE11-E3B742C3CBAF}.Ad-Hoc|Any CPU.ActiveCfg = Release|Any CPU
		{BB5154B2-CA1E-43B2-AE11-E3B742C3CBAF}.Ad-Hoc|Any CPU.Build.0 = Release|Any CPU
		{BB5154B2-CA1E-43B2-AE11-E3B742C3CBAF}.Ad-Hoc|Any CPU.Deploy.0 = Release|Any CPU
		{BB5154B2-CA1E-43B2-AE11-E3B742C3CBAF}.Ad-Hoc|ARM.ActiveCfg = Release|Any CPU
		{BB5154B2-CA1E-43B2-AE11-E3B742C3CBAF}.Ad-Hoc|ARM.Build.0 = Release|Any CPU
		{BB5154B2-CA1E-43B2-AE11-E3B742C3CBAF}.Ad-Hoc|ARM.Deploy.0 = Release|Any CPU
		{BB5154B2-CA1E-43B2-AE11-E3B742C3CBAF}.Ad-Hoc|iPhone.ActiveCfg = Release|Any CPU
		{BB5154B2-CA1E-43B2-AE11-E3B742C3CBAF}.Ad-Hoc|iPhone.Build.0 = Release|Any CPU
		{BB5154B2-CA1E-43B2-AE11-E3B742C3CBAF}.Ad-Hoc|iPhone.Deploy.0 = Release|Any CPU
		{BB5154B2-CA1E-43B2-AE11-E3B742C3CBAF}.Ad-Hoc|iPhoneSimulator.ActiveCfg = Release|Any CPU
		{BB5154B2-CA1E-43B2-AE11-E3B742C3CBAF}.Ad-Hoc|iPhoneSimulator.Build.0 = Release|Any CPU
		{BB5154B2-CA1E-43B2-AE11-E3B742C3CBAF}.Ad-Hoc|iPhoneSimulator.Deploy.0 = Release|Any CPU
		{BB5154B2-CA1E-43B2-AE11-E3B742C3CBAF}.Ad-Hoc|x64.ActiveCfg = Release|Any CPU
		{BB5154B2-CA1E-43B2-AE11-E3B742C3CBAF}.Ad-Hoc|x64.Build.0 = Release|Any CPU
		{BB5154B2-CA1E-43B2-AE11-E3B742C3CBAF}.Ad-Hoc|x64.Deploy.0 = Release|Any CPU
		{BB5154B2-CA1E-43B2-AE11-E3B742C3CBAF}.Ad-Hoc|x86.ActiveCfg = Release|Any CPU
		{BB5154B2-CA1E-43B2-AE11-E3B742C3CBAF}.Ad-Hoc|x86.Build.0 = Release|Any CPU
		{BB5154B2-CA1E-43B2-AE11-E3B742C3CBAF}.Ad-Hoc|x86.Deploy.0 = Release|Any CPU
		{BB5154B2-CA1E-43B2-AE11-E3B742C3CBAF}.AppStore|Any CPU.ActiveCfg = Release|Any CPU
		{BB5154B2-CA1E-43B2-AE11-E3B742C3CBAF}.AppStore|Any CPU.Build.0 = Release|Any CPU
		{BB5154B2-CA1E-43B2-AE11-E3B742C3CBAF}.AppStore|Any CPU.Deploy.0 = Release|Any CPU
		{BB5154B2-CA1E-43B2-AE11-E3B742C3CBAF}.AppStore|ARM.ActiveCfg = Release|Any CPU
		{BB5154B2-CA1E-43B2-AE11-E3B742C3CBAF}.AppStore|ARM.Build.0 = Release|Any CPU
		{BB5154B2-CA1E-43B2-AE11-E3B742C3CBAF}.AppStore|ARM.Deploy.0 = Release|Any CPU
		{BB5154B2-CA1E-43B2-AE11-E3B742C3CBAF}.AppStore|iPhone.ActiveCfg = Release|Any CPU
		{BB5154B2-CA1E-43B2-AE11-E3B742C3CBAF}.AppStore|iPhone.Build.0 = Release|Any CPU
		{BB5154B2-CA1E-43B2-AE11-E3B742C3CBAF}.AppStore|iPhone.Deploy.0 = Release|Any CPU
		{BB5154B2-CA1E-43B2-AE11-E3B742C3CBAF}.AppStore|iPhoneSimulator.ActiveCfg = Release|Any CPU
		{BB5154B2-CA1E-43B2-AE11-E3B742C3CBAF}.AppStore|iPhoneSimulator.Build.0 = Release|Any CPU
		{BB5154B2-CA1E-43B2-AE11-E3B742C3CBAF}.AppStore|iPhoneSimulator.Deploy.0 = Release|Any CPU
		{BB5154B2-CA1E-43B2-AE11-E3B742C3CBAF}.AppStore|x64.ActiveCfg = Release|Any CPU
		{BB5154B2-CA1E-43B2-AE11-E3B742C3CBAF}.AppStore|x64.Build.0 = Release|Any CPU
		{BB5154B2-CA1E-43B2-AE11-E3B742C3CBAF}.AppStore|x64.Deploy.0 = Release|Any CPU
		{BB5154B2-CA1E-43B2-AE11-E3B742C3CBAF}.AppStore|x86.ActiveCfg = Release|Any CPU
		{BB5154B2-CA1E-43B2-AE11-E3B742C3CBAF}.AppStore|x86.Build.0 = Release|Any CPU
		{BB5154B2-CA1E-43B2-AE11-E3B742C3CBAF}.AppStore|x86.Deploy.0 = Release|Any CPU
		{BB5154B2-CA1E-43B2-AE11-E3B742C3CBAF}.Debug|Any CPU.ActiveCfg = Debug|Any CPU
		{BB5154B2-CA1E-43B2-AE11-E3B742C3CBAF}.Debug|Any CPU.Build.0 = Debug|Any CPU
		{BB5154B2-CA1E-43B2-AE11-E3B742C3CBAF}.Debug|Any CPU.Deploy.0 = Debug|Any CPU
		{BB5154B2-CA1E-43B2-AE11-E3B742C3CBAF}.Debug|ARM.ActiveCfg = Debug|Any CPU
		{BB5154B2-CA1E-43B2-AE11-E3B742C3CBAF}.Debug|ARM.Build.0 = Debug|Any CPU
		{BB5154B2-CA1E-43B2-AE11-E3B742C3CBAF}.Debug|ARM.Deploy.0 = Debug|Any CPU
		{BB5154B2-CA1E-43B2-AE11-E3B742C3CBAF}.Debug|iPhone.ActiveCfg = Debug|Any CPU
		{BB5154B2-CA1E-43B2-AE11-E3B742C3CBAF}.Debug|iPhone.Build.0 = Debug|Any CPU
		{BB5154B2-CA1E-43B2-AE11-E3B742C3CBAF}.Debug|iPhone.Deploy.0 = Debug|Any CPU
		{BB5154B2-CA1E-43B2-AE11-E3B742C3CBAF}.Debug|iPhoneSimulator.ActiveCfg = Debug|Any CPU
		{BB5154B2-CA1E-43B2-AE11-E3B742C3CBAF}.Debug|iPhoneSimulator.Build.0 = Debug|Any CPU
		{BB5154B2-CA1E-43B2-AE11-E3B742C3CBAF}.Debug|iPhoneSimulator.Deploy.0 = Debug|Any CPU
		{BB5154B2-CA1E-43B2-AE11-E3B742C3CBAF}.Debug|x64.ActiveCfg = Debug|Any CPU
		{BB5154B2-CA1E-43B2-AE11-E3B742C3CBAF}.Debug|x64.Build.0 = Debug|Any CPU
		{BB5154B2-CA1E-43B2-AE11-E3B742C3CBAF}.Debug|x64.Deploy.0 = Debug|Any CPU
		{BB5154B2-CA1E-43B2-AE11-E3B742C3CBAF}.Debug|x86.ActiveCfg = Debug|Any CPU
		{BB5154B2-CA1E-43B2-AE11-E3B742C3CBAF}.Debug|x86.Build.0 = Debug|Any CPU
		{BB5154B2-CA1E-43B2-AE11-E3B742C3CBAF}.Debug|x86.Deploy.0 = Debug|Any CPU
		{BB5154B2-CA1E-43B2-AE11-E3B742C3CBAF}.Release|Any CPU.ActiveCfg = Release|Any CPU
		{BB5154B2-CA1E-43B2-AE11-E3B742C3CBAF}.Release|Any CPU.Build.0 = Release|Any CPU
		{BB5154B2-CA1E-43B2-AE11-E3B742C3CBAF}.Release|Any CPU.Deploy.0 = Release|Any CPU
		{BB5154B2-CA1E-43B2-AE11-E3B742C3CBAF}.Release|ARM.ActiveCfg = Release|Any CPU
		{BB5154B2-CA1E-43B2-AE11-E3B742C3CBAF}.Release|ARM.Build.0 = Release|Any CPU
		{BB5154B2-CA1E-43B2-AE11-E3B742C3CBAF}.Release|ARM.Deploy.0 = Release|Any CPU
		{BB5154B2-CA1E-43B2-AE11-E3B742C3CBAF}.Release|iPhone.ActiveCfg = Release|Any CPU
		{BB5154B2-CA1E-43B2-AE11-E3B742C3CBAF}.Release|iPhone.Build.0 = Release|Any CPU
		{BB5154B2-CA1E-43B2-AE11-E3B742C3CBAF}.Release|iPhone.Deploy.0 = Release|Any CPU
		{BB5154B2-CA1E-43B2-AE11-E3B742C3CBAF}.Release|iPhoneSimulator.ActiveCfg = Release|Any CPU
		{BB5154B2-CA1E-43B2-AE11-E3B742C3CBAF}.Release|iPhoneSimulator.Build.0 = Release|Any CPU
		{BB5154B2-CA1E-43B2-AE11-E3B742C3CBAF}.Release|iPhoneSimulator.Deploy.0 = Release|Any CPU
		{BB5154B2-CA1E-43B2-AE11-E3B742C3CBAF}.Release|x64.ActiveCfg = Release|Any CPU
		{BB5154B2-CA1E-43B2-AE11-E3B742C3CBAF}.Release|x64.Build.0 = Release|Any CPU
		{BB5154B2-CA1E-43B2-AE11-E3B742C3CBAF}.Release|x64.Deploy.0 = Release|Any CPU
		{BB5154B2-CA1E-43B2-AE11-E3B742C3CBAF}.Release|x86.ActiveCfg = Release|Any CPU
		{BB5154B2-CA1E-43B2-AE11-E3B742C3CBAF}.Release|x86.Build.0 = Release|Any CPU
		{BB5154B2-CA1E-43B2-AE11-E3B742C3CBAF}.Release|x86.Deploy.0 = Release|Any CPU
		{E052480B-3779-41AF-A9CD-B122F3CEE447}.Ad-Hoc|Any CPU.ActiveCfg = Release|Any CPU
		{E052480B-3779-41AF-A9CD-B122F3CEE447}.Ad-Hoc|Any CPU.Build.0 = Release|Any CPU
		{E052480B-3779-41AF-A9CD-B122F3CEE447}.Ad-Hoc|ARM.ActiveCfg = Release|Any CPU
		{E052480B-3779-41AF-A9CD-B122F3CEE447}.Ad-Hoc|ARM.Build.0 = Release|Any CPU
		{E052480B-3779-41AF-A9CD-B122F3CEE447}.Ad-Hoc|iPhone.ActiveCfg = Release|Any CPU
		{E052480B-3779-41AF-A9CD-B122F3CEE447}.Ad-Hoc|iPhone.Build.0 = Release|Any CPU
		{E052480B-3779-41AF-A9CD-B122F3CEE447}.Ad-Hoc|iPhoneSimulator.ActiveCfg = Release|Any CPU
		{E052480B-3779-41AF-A9CD-B122F3CEE447}.Ad-Hoc|iPhoneSimulator.Build.0 = Release|Any CPU
		{E052480B-3779-41AF-A9CD-B122F3CEE447}.Ad-Hoc|x64.ActiveCfg = Release|Any CPU
		{E052480B-3779-41AF-A9CD-B122F3CEE447}.Ad-Hoc|x64.Build.0 = Release|Any CPU
		{E052480B-3779-41AF-A9CD-B122F3CEE447}.Ad-Hoc|x86.ActiveCfg = Release|Any CPU
		{E052480B-3779-41AF-A9CD-B122F3CEE447}.Ad-Hoc|x86.Build.0 = Release|Any CPU
		{E052480B-3779-41AF-A9CD-B122F3CEE447}.AppStore|Any CPU.ActiveCfg = Release|Any CPU
		{E052480B-3779-41AF-A9CD-B122F3CEE447}.AppStore|Any CPU.Build.0 = Release|Any CPU
		{E052480B-3779-41AF-A9CD-B122F3CEE447}.AppStore|ARM.ActiveCfg = Release|Any CPU
		{E052480B-3779-41AF-A9CD-B122F3CEE447}.AppStore|ARM.Build.0 = Release|Any CPU
		{E052480B-3779-41AF-A9CD-B122F3CEE447}.AppStore|iPhone.ActiveCfg = Release|Any CPU
		{E052480B-3779-41AF-A9CD-B122F3CEE447}.AppStore|iPhone.Build.0 = Release|Any CPU
		{E052480B-3779-41AF-A9CD-B122F3CEE447}.AppStore|iPhoneSimulator.ActiveCfg = Release|Any CPU
		{E052480B-3779-41AF-A9CD-B122F3CEE447}.AppStore|iPhoneSimulator.Build.0 = Release|Any CPU
		{E052480B-3779-41AF-A9CD-B122F3CEE447}.AppStore|x64.ActiveCfg = Release|Any CPU
		{E052480B-3779-41AF-A9CD-B122F3CEE447}.AppStore|x64.Build.0 = Release|Any CPU
		{E052480B-3779-41AF-A9CD-B122F3CEE447}.AppStore|x86.ActiveCfg = Release|Any CPU
		{E052480B-3779-41AF-A9CD-B122F3CEE447}.AppStore|x86.Build.0 = Release|Any CPU
		{E052480B-3779-41AF-A9CD-B122F3CEE447}.Debug|Any CPU.ActiveCfg = Debug|Any CPU
		{E052480B-3779-41AF-A9CD-B122F3CEE447}.Debug|Any CPU.Build.0 = Debug|Any CPU
		{E052480B-3779-41AF-A9CD-B122F3CEE447}.Debug|ARM.ActiveCfg = Debug|Any CPU
		{E052480B-3779-41AF-A9CD-B122F3CEE447}.Debug|ARM.Build.0 = Debug|Any CPU
		{E052480B-3779-41AF-A9CD-B122F3CEE447}.Debug|iPhone.ActiveCfg = Debug|Any CPU
		{E052480B-3779-41AF-A9CD-B122F3CEE447}.Debug|iPhone.Build.0 = Debug|Any CPU
		{E052480B-3779-41AF-A9CD-B122F3CEE447}.Debug|iPhoneSimulator.ActiveCfg = Debug|Any CPU
		{E052480B-3779-41AF-A9CD-B122F3CEE447}.Debug|iPhoneSimulator.Build.0 = Debug|Any CPU
		{E052480B-3779-41AF-A9CD-B122F3CEE447}.Debug|x64.ActiveCfg = Debug|Any CPU
		{E052480B-3779-41AF-A9CD-B122F3CEE447}.Debug|x64.Build.0 = Debug|Any CPU
		{E052480B-3779-41AF-A9CD-B122F3CEE447}.Debug|x86.ActiveCfg = Debug|Any CPU
		{E052480B-3779-41AF-A9CD-B122F3CEE447}.Debug|x86.Build.0 = Debug|Any CPU
		{E052480B-3779-41AF-A9CD-B122F3CEE447}.Release|Any CPU.ActiveCfg = Release|Any CPU
		{E052480B-3779-41AF-A9CD-B122F3CEE447}.Release|Any CPU.Build.0 = Release|Any CPU
		{E052480B-3779-41AF-A9CD-B122F3CEE447}.Release|ARM.ActiveCfg = Release|Any CPU
		{E052480B-3779-41AF-A9CD-B122F3CEE447}.Release|ARM.Build.0 = Release|Any CPU
		{E052480B-3779-41AF-A9CD-B122F3CEE447}.Release|iPhone.ActiveCfg = Release|Any CPU
		{E052480B-3779-41AF-A9CD-B122F3CEE447}.Release|iPhone.Build.0 = Release|Any CPU
		{E052480B-3779-41AF-A9CD-B122F3CEE447}.Release|iPhoneSimulator.ActiveCfg = Release|Any CPU
		{E052480B-3779-41AF-A9CD-B122F3CEE447}.Release|iPhoneSimulator.Build.0 = Release|Any CPU
		{E052480B-3779-41AF-A9CD-B122F3CEE447}.Release|x64.ActiveCfg = Release|Any CPU
		{E052480B-3779-41AF-A9CD-B122F3CEE447}.Release|x64.Build.0 = Release|Any CPU
		{E052480B-3779-41AF-A9CD-B122F3CEE447}.Release|x86.ActiveCfg = Release|Any CPU
		{E052480B-3779-41AF-A9CD-B122F3CEE447}.Release|x86.Build.0 = Release|Any CPU
		{33003E3F-074F-4CDF-88F3-F9B1D290542F}.Ad-Hoc|Any CPU.ActiveCfg = Release|x86
		{33003E3F-074F-4CDF-88F3-F9B1D290542F}.Ad-Hoc|Any CPU.Build.0 = Release|x86
		{33003E3F-074F-4CDF-88F3-F9B1D290542F}.Ad-Hoc|Any CPU.Deploy.0 = Release|x86
		{33003E3F-074F-4CDF-88F3-F9B1D290542F}.Ad-Hoc|ARM.ActiveCfg = Release|ARM
		{33003E3F-074F-4CDF-88F3-F9B1D290542F}.Ad-Hoc|ARM.Build.0 = Release|ARM
		{33003E3F-074F-4CDF-88F3-F9B1D290542F}.Ad-Hoc|ARM.Deploy.0 = Release|ARM
		{33003E3F-074F-4CDF-88F3-F9B1D290542F}.Ad-Hoc|iPhone.ActiveCfg = Release|x86
		{33003E3F-074F-4CDF-88F3-F9B1D290542F}.Ad-Hoc|iPhone.Build.0 = Release|x86
		{33003E3F-074F-4CDF-88F3-F9B1D290542F}.Ad-Hoc|iPhone.Deploy.0 = Release|x86
		{33003E3F-074F-4CDF-88F3-F9B1D290542F}.Ad-Hoc|iPhoneSimulator.ActiveCfg = Release|x86
		{33003E3F-074F-4CDF-88F3-F9B1D290542F}.Ad-Hoc|iPhoneSimulator.Build.0 = Release|x86
		{33003E3F-074F-4CDF-88F3-F9B1D290542F}.Ad-Hoc|iPhoneSimulator.Deploy.0 = Release|x86
		{33003E3F-074F-4CDF-88F3-F9B1D290542F}.Ad-Hoc|x64.ActiveCfg = Release|x64
		{33003E3F-074F-4CDF-88F3-F9B1D290542F}.Ad-Hoc|x64.Build.0 = Release|x64
		{33003E3F-074F-4CDF-88F3-F9B1D290542F}.Ad-Hoc|x64.Deploy.0 = Release|x64
		{33003E3F-074F-4CDF-88F3-F9B1D290542F}.Ad-Hoc|x86.ActiveCfg = Release|x86
		{33003E3F-074F-4CDF-88F3-F9B1D290542F}.Ad-Hoc|x86.Build.0 = Release|x86
		{33003E3F-074F-4CDF-88F3-F9B1D290542F}.Ad-Hoc|x86.Deploy.0 = Release|x86
		{33003E3F-074F-4CDF-88F3-F9B1D290542F}.AppStore|Any CPU.ActiveCfg = Release|x86
		{33003E3F-074F-4CDF-88F3-F9B1D290542F}.AppStore|Any CPU.Build.0 = Release|x86
		{33003E3F-074F-4CDF-88F3-F9B1D290542F}.AppStore|Any CPU.Deploy.0 = Release|x86
		{33003E3F-074F-4CDF-88F3-F9B1D290542F}.AppStore|ARM.ActiveCfg = Release|ARM
		{33003E3F-074F-4CDF-88F3-F9B1D290542F}.AppStore|ARM.Build.0 = Release|ARM
		{33003E3F-074F-4CDF-88F3-F9B1D290542F}.AppStore|ARM.Deploy.0 = Release|ARM
		{33003E3F-074F-4CDF-88F3-F9B1D290542F}.AppStore|iPhone.ActiveCfg = Release|x86
		{33003E3F-074F-4CDF-88F3-F9B1D290542F}.AppStore|iPhone.Build.0 = Release|x86
		{33003E3F-074F-4CDF-88F3-F9B1D290542F}.AppStore|iPhone.Deploy.0 = Release|x86
		{33003E3F-074F-4CDF-88F3-F9B1D290542F}.AppStore|iPhoneSimulator.ActiveCfg = Release|x86
		{33003E3F-074F-4CDF-88F3-F9B1D290542F}.AppStore|iPhoneSimulator.Build.0 = Release|x86
		{33003E3F-074F-4CDF-88F3-F9B1D290542F}.AppStore|iPhoneSimulator.Deploy.0 = Release|x86
		{33003E3F-074F-4CDF-88F3-F9B1D290542F}.AppStore|x64.ActiveCfg = Release|x64
		{33003E3F-074F-4CDF-88F3-F9B1D290542F}.AppStore|x64.Build.0 = Release|x64
		{33003E3F-074F-4CDF-88F3-F9B1D290542F}.AppStore|x64.Deploy.0 = Release|x64
		{33003E3F-074F-4CDF-88F3-F9B1D290542F}.AppStore|x86.ActiveCfg = Release|x86
		{33003E3F-074F-4CDF-88F3-F9B1D290542F}.AppStore|x86.Build.0 = Release|x86
		{33003E3F-074F-4CDF-88F3-F9B1D290542F}.AppStore|x86.Deploy.0 = Release|x86
		{33003E3F-074F-4CDF-88F3-F9B1D290542F}.Debug|Any CPU.ActiveCfg = Debug|x86
		{33003E3F-074F-4CDF-88F3-F9B1D290542F}.Debug|Any CPU.Build.0 = Debug|x86
		{33003E3F-074F-4CDF-88F3-F9B1D290542F}.Debug|Any CPU.Deploy.0 = Debug|x86
		{33003E3F-074F-4CDF-88F3-F9B1D290542F}.Debug|ARM.ActiveCfg = Debug|ARM
		{33003E3F-074F-4CDF-88F3-F9B1D290542F}.Debug|ARM.Build.0 = Debug|ARM
		{33003E3F-074F-4CDF-88F3-F9B1D290542F}.Debug|ARM.Deploy.0 = Debug|ARM
		{33003E3F-074F-4CDF-88F3-F9B1D290542F}.Debug|iPhone.ActiveCfg = Debug|x86
		{33003E3F-074F-4CDF-88F3-F9B1D290542F}.Debug|iPhoneSimulator.ActiveCfg = Debug|x86
		{33003E3F-074F-4CDF-88F3-F9B1D290542F}.Debug|x64.ActiveCfg = Debug|x64
		{33003E3F-074F-4CDF-88F3-F9B1D290542F}.Debug|x64.Build.0 = Debug|x64
		{33003E3F-074F-4CDF-88F3-F9B1D290542F}.Debug|x64.Deploy.0 = Debug|x64
		{33003E3F-074F-4CDF-88F3-F9B1D290542F}.Debug|x86.ActiveCfg = Debug|x86
		{33003E3F-074F-4CDF-88F3-F9B1D290542F}.Debug|x86.Build.0 = Debug|x86
		{33003E3F-074F-4CDF-88F3-F9B1D290542F}.Debug|x86.Deploy.0 = Debug|x86
		{33003E3F-074F-4CDF-88F3-F9B1D290542F}.Release|Any CPU.ActiveCfg = Release|x86
		{33003E3F-074F-4CDF-88F3-F9B1D290542F}.Release|ARM.ActiveCfg = Release|ARM
		{33003E3F-074F-4CDF-88F3-F9B1D290542F}.Release|ARM.Build.0 = Release|ARM
		{33003E3F-074F-4CDF-88F3-F9B1D290542F}.Release|ARM.Deploy.0 = Release|ARM
		{33003E3F-074F-4CDF-88F3-F9B1D290542F}.Release|iPhone.ActiveCfg = Release|x86
		{33003E3F-074F-4CDF-88F3-F9B1D290542F}.Release|iPhoneSimulator.ActiveCfg = Release|x86
		{33003E3F-074F-4CDF-88F3-F9B1D290542F}.Release|x64.ActiveCfg = Release|x64
		{33003E3F-074F-4CDF-88F3-F9B1D290542F}.Release|x64.Build.0 = Release|x64
		{33003E3F-074F-4CDF-88F3-F9B1D290542F}.Release|x64.Deploy.0 = Release|x64
		{33003E3F-074F-4CDF-88F3-F9B1D290542F}.Release|x86.ActiveCfg = Release|x86
		{33003E3F-074F-4CDF-88F3-F9B1D290542F}.Release|x86.Build.0 = Release|x86
		{33003E3F-074F-4CDF-88F3-F9B1D290542F}.Release|x86.Deploy.0 = Release|x86
	EndGlobalSection
	GlobalSection(SolutionProperties) = preSolution
		HideSolutionNode = FALSE
	EndGlobalSection
	GlobalSection(TeamFoundationVersionControl) = preSolution
		SccNumberOfProjects = 4
		SccEnterpriseProvider = {4CA58AB2-18FA-4F8D-95D4-32DDF27D184C}
		SccTeamFoundationServer = https://rronaldr.visualstudio.com/
		SccLocalPath0 = .
		SccProjectUniqueName1 = BlackPhoto\\BlackPhoto.Android\\BlackPhoto.Android.csproj
		SccProjectName1 = BlackPhoto/BlackPhoto.Android
		SccLocalPath1 = BlackPhoto\\BlackPhoto.Android
		SccProjectUniqueName2 = BlackPhoto\\BlackPhoto.UWP\\BlackPhoto.UWP.csproj
		SccProjectName2 = BlackPhoto/BlackPhoto.UWP
		SccLocalPath2 = BlackPhoto\\BlackPhoto.UWP
		SccProjectUniqueName3 = BlackPhoto\\BlackPhoto\\BlackPhoto.csproj
		SccProjectName3 = BlackPhoto/BlackPhoto
		SccLocalPath3 = BlackPhoto\\BlackPhoto
	EndGlobalSection
EndGlobal
